
Microsoft Visual Studio Solution File, Format Version 12.00
Project("{FAE04EC0-301F-11D3-BF4B-00C04F79EFBC}") = "test", "test.csproj", "{383753EA-2081-41EF-9161-BF91256C92C8}"
EndProject
Project("{FAE04EC0-301F-11D3-BF4B-00C04F79EFBC}") = "fun", "..\fun\fun.csproj", "{97F8CDD4-0F69-4E52-A64F-CEF7869145E2}"
EndProject
Global
	GlobalSection(SolutionConfigurationPlatforms) = preSolution
		Debug|Any CPU = Debug|Any CPU
		Release|Any CPU = Release|Any CPU
	EndGlobalSection
	GlobalSection(ProjectConfigurationPlatforms) = postSolution
		{383753EA-2081-41EF-9161-BF91256C92C8}.Debug|Any CPU.ActiveCfg = Debug|Any CPU
		{383753EA-2081-41EF-9161-BF91256C92C8}.Debug|Any CPU.Build.0 = Debug|Any CPU
		{383753EA-2081-41EF-9161-BF91256C92C8}.Release|Any CPU.ActiveCfg = Release|Any CPU
		{383753EA-2081-41EF-9161-BF91256C92C8}.Release|Any CPU.Build.0 = Release|Any CPU
		{97F8CDD4-0F69-4E52-A64F-CEF7869145E2}.Debug|Any CPU.ActiveCfg = Debug|Any CPU
		{97F8CDD4-0F69-4E52-A64F-CEF7869145E2}.Debug|Any CPU.Build.0 = Debug|Any CPU
		{97F8CDD4-0F69-4E52-A64F-CEF7869145E2}.Release|Any CPU.ActiveCfg = Release|Any CPU
		{97F8CDD4-0F69-4E52-A64F-CEF7869145E2}.Release|Any CPU.Build.0 = Release|Any CPU
	EndGlobalSection
EndGlobal
